# THIS IS AN AUTOGENERATED FILE. DO NOT EDIT THIS FILE DIRECTLY.
# yarn lockfile v1


"@ctrl/tinycolor@^2.6.0":
  version "2.6.0"
  resolved "https://registry.yarnpkg.com/@ctrl/tinycolor/-/tinycolor-2.6.0.tgz#c269def5ed1f871913f299a475c01bdb39119eee"
  integrity sha512-bvkszNAcbmR2zrjjkaHbTVbEj07Id44HsBWf57mugPcvJNIPaWLqxWV/GUJVJuXXayqFP2X09cZRqKrCy/v10Q==

